Microsoft Visual Studio Solution File, Format Version 12.00
# Visual Studio Version 17
VisualStudioVersion = 17.8.34309.116
MinimumVisualStudioVersion = 10.0.40219.1
Project("{FAE04EC0-301F-11D3-BF4B-00C04F79EFBC}") = "Kaizen.Api", "src/Kaizen.Api/Kaizen.Api.csproj", "{3D2A1C17-4D37-4BC4-9744-4754A5AC64E9}"
EndProject
Project("{FAE04EC0-301F-11D3-BF4B-00C04F79EFBC}") = "Kaizen.Aplicacion", "src/Kaizen.Aplicacion/Kaizen.Aplicacion.csproj", "{0AAB5D40-F2D5-49A2-86E3-75E338DEAA49}"
EndProject
Project("{FAE04EC0-301F-11D3-BF4B-00C04F79EFBC}") = "Kaizen.Dominio", "src/Kaizen.Dominio/Kaizen.Dominio.csproj", "{13D58E87-5C50-4A26-9C0D-BD47D8F3C935}"
EndProject
Project("{FAE04EC0-301F-11D3-BF4B-00C04F79EFBC}") = "Kaizen.Infraestructura", "src/Kaizen.Infraestructura/Kaizen.Infraestructura.csproj", "{E7D65034-B8E3-430B-AEC2-C4BCF4DE6ED7}"
EndProject
Global
	GlobalSection(SolutionConfigurationPlatforms) = preSolution
		Debug|Any CPU = Debug|Any CPU
		Release|Any CPU = Release|Any CPU
	EndGlobalSection
EndGlobal
